
Microsoft Visual Studio Solution File, Format Version 12.00
# Visual Studio Version 17
VisualStudioVersion = 17.7.34221.43
MinimumVisualStudioVersion = 10.0.40219.1
Project("{9A19103F-16F7-4668-BE54-9A1E7A4F7556}") = "InfinitMarket", "InfinitMarket\InfinitMarket.csproj", "{B1176FD7-329F-44F8-AB51-FAAA5D1D3C68}"
EndProject
Global
	GlobalSection(SolutionConfigurationPlatforms) = preSolution
		Debug|Any CPU = Debug|Any CPU
		Release|Any CPU = Release|Any CPU
	EndGlobalSection
	GlobalSection(ProjectConfigurationPlatforms) = postSolution
		{B1176FD7-329F-44F8-AB51-FAAA5D1D3C68}.Debug|Any CPU.ActiveCfg = Debug|Any CPU
		{B1176FD7-329F-44F8-AB51-FAAA5D1D3C68}.Debug|Any CPU.Build.0 = Debug|Any CPU
		{B1176FD7-329F-44F8-AB51-FAAA5D1D3C68}.Release|Any CPU.ActiveCfg = Release|Any CPU
		{B1176FD7-329F-44F8-AB51-FAAA5D1D3C68}.Release|Any CPU.Build.0 = Release|Any CPU
	EndGlobalSection
	GlobalSection(SolutionProperties) = preSolution
		HideSolutionNode = FALSE
	EndGlobalSection
	GlobalSection(ExtensibilityGlobals) = postSolution
		SolutionGuid = {27C21390-F6E3-41FA-BF22-6CB3D4063071}
	EndGlobalSection
EndGlobal
